
Microsoft Visual Studio Solution File, Format Version 12.00
# Visual Studio 15
VisualStudioVersion = 15.0.26730.16
MinimumVisualStudioVersion = 10.0.40219.1
Project("{8BC9CEB8-8B4A-11D0-8D11-00A0C91BC942}") = "passParamTest", "passParamTest\passParamTest.vcxproj", "{DE7F062A-AEC0-4C09-867F-5976A282A6EB}"
EndProject
Global
	GlobalSection(SolutionConfigurationPlatforms) = preSolution
		Debug|x64 = Debug|x64
		Debug|x86 = Debug|x86
		Release|x64 = Release|x64
		Release|x86 = Release|x86
	EndGlobalSection
	GlobalSection(ProjectConfigurationPlatforms) = postSolution
		{DE7F062A-AEC0-4C09-867F-5976A282A6EB}.Debug|x64.ActiveCfg = Debug|x64
		{DE7F062A-AEC0-4C09-867F-5976A282A6EB}.Debug|x64.Build.0 = Debug|x64
		{DE7F062A-AEC0-4C09-867F-5976A282A6EB}.Debug|x86.ActiveCfg = Debug|Win32
		{DE7F062A-AEC0-4C09-867F-5976A282A6EB}.Debug|x86.Build.0 = Debug|Win32
		{DE7F062A-AEC0-4C09-867F-5976A282A6EB}.Release|x64.ActiveCfg = Release|x64
		{DE7F062A-AEC0-4C09-867F-5976A282A6EB}.Release|x64.Build.0 = Release|x64
		{DE7F062A-AEC0-4C09-867F-5976A282A6EB}.Release|x86.ActiveCfg = Release|Win32
		{DE7F062A-AEC0-4C09-867F-5976A282A6EB}.Release|x86.Build.0 = Release|Win32
	EndGlobalSection
	GlobalSection(SolutionProperties) = preSolution
		HideSolutionNode = FALSE
	EndGlobalSection
	GlobalSection(ExtensibilityGlobals) = postSolution
		SolutionGuid = {3B6E9337-B63B-4848-942C-5580EB07F244}
	EndGlobalSection
EndGlobal
